// !$*UTF8*$!
{
	archiveVersion = 1;
	classes = {
	};
	objectVersion = 50;
	objects = {

/* Begin PBXBuildFile section */
		8C4864D3252FF5E600075226 /* AppDelegate.swift in Sources */ = {isa = PBXBuildFile; fileRef = 8C4864D2252FF5E600075226 /* AppDelegate.swift */; };
		8C4864D5252FF5E600075226 /* SceneDelegate.swift in Sources */ = {isa = PBXBuildFile; fileRef = 8C4864D4252FF5E600075226 /* SceneDelegate.swift */; };
		8C4864D7252FF5E600075226 /* ViewController.swift in Sources */ = {isa = PBXBuildFile; fileRef = 8C4864D6252FF5E600075226 /* ViewController.swift */; };
		8C4864DA252FF5E600075226 /* Main.storyboard in Resources */ = {isa = PBXBuildFile; fileRef = 8C4864D8252FF5E600075226 /* Main.storyboard */; };
		8C4864DC252FF5E700075226 /* Assets.xcassets in Resources */ = {isa = PBXBuildFile; fileRef = 8C4864DB252FF5E700075226 /* Assets.xcassets */; };
		8C4864DF252FF5E700075226 /* LaunchScreen.storyboard in Resources */ = {isa = PBXBuildFile; fileRef = 8C4864DD252FF5E700075226 /* LaunchScreen.storyboard */; };
		8C4864EA252FF5E700075226 /* ControlFunTests.swift in Sources */ = {isa = PBXBuildFile; fileRef = 8C4864E9252FF5E700075226 /* ControlFunTests.swift */; };
		8C4864F5252FF5E800075226 /* ControlFunUITests.swift in Sources */ = {isa = PBXBuildFile; fileRef = 8C4864F4252FF5E800075226 /* ControlFunUITests.swift */; };
/* End PBXBuildFile section */

/* Begin PBXContainerItemProxy section */
		8C4864E6252FF5E700075226 /* PBXContainerItemProxy */ = {
			isa = PBXContainerItemProxy;
			containerPortal = 8C4864C7252FF5E600075226 /* Project object */;
			proxyType = 1;
			remoteGlobalIDString = 8C4864CE252FF5E600075226;
			remoteInfo = ControlFun;
		};
		8C4864F1252FF5E800075226 /* PBXContainerItemProxy */ = {
			isa = PBXContainerItemProxy;
			containerPortal = 8C4864C7252FF5E600075226 /* Project object */;
			proxyType = 1;
			remoteGlobalIDString = 8C4864CE252FF5E600075226;
			remoteInfo = ControlFun;
		};
/* End PBXContainerItemProxy section */

/* Begin PBXFileReference section */
		8C4864CF252FF5E600075226 /* ControlFun.app */ = {isa = PBXFileReference; explicitFileType = wrapper.application; includeInIndex = 0; path = ControlFun.app; sourceTree = BUILT_PRODUCTS_DIR; };
		8C4864D2252FF5E600075226 /* AppDelegate.swift */ = {isa = PBXFileReference; lastKnownFileType = sourcecode.swift; path = AppDelegate.swift; sourceTree = "<group>"; };
		8C4864D4252FF5E600075226 /* SceneDelegate.swift */ = {isa = PBXFileReference; lastKnownFileType = sourcecode.swift; path = SceneDelegate.swift; sourceTree = "<group>"; };
		8C4864D6252FF5E600075226 /* ViewController.swift */ = {isa = PBXFileReference; lastKnownFileType = sourcecode.swift; path = ViewController.swift; sourceTree = "<group>"; };
		8C4864D9252FF5E600075226 /* Base */ = {isa = PBXFileReference; lastKnownFileType = file.storyboard; name = Base; path = Base.lproj/Main.storyboard; sourceTree = "<group>"; };
		8C4864DB252FF5E700075226 /* Assets.xcassets */ = {isa = PBXFileReference; lastKnownFileType = folder.assetcatalog; path = Assets.xcassets; sourceTree = "<group>"; };
		8C4864DE252FF5E700075226 /* Base */ = {isa = PBXFileReference; lastKnownFileType = file.storyboard; name = Base; path = Base.lproj/LaunchScreen.storyboard; sourceTree = "<group>"; };
		8C4864E0252FF5E700075226 /* Info.plist */ = {isa = PBXFileReference; lastKnownFileType = text.plist.xml; path = Info.plist; sourceTree = "<group>"; };
		8C4864E5252FF5E700075226 /* ControlFunTests.xctest */ = {isa = PBXFileReference; explicitFileType = wrapper.cfbundle; includeInIndex = 0; path = ControlFunTests.xctest; sourceTree = BUILT_PRODUCTS_DIR; };
		8C4864E9252FF5E700075226 /* ControlFunTests.swift */ = {isa = PBXFileReference; lastKnownFileType = sourcecode.swift; path = ControlFunTests.swift; sourceTree = "<group>"; };
		8C4864EB252FF5E700075226 /* Info.plist */ = {isa = PBXFileReference; lastKnownFileType = text.plist.xml; path = Info.plist; sourceTree = "<group>"; };
		8C4864F0252FF5E800075226 /* ControlFunUITests.xctest */ = {isa = PBXFileReference; explicitFileType = wrapper.cfbundle; includeInIndex = 0; path = ControlFunUITests.xctest; sourceTree = BUILT_PRODUCTS_DIR; };
		8C4864F4252FF5E800075226 /* ControlFunUITests.swift */ = {isa = PBXFileReference; lastKnownFileType = sourcecode.swift; path = ControlFunUITests.swift; sourceTree = "<group>"; };
		8C4864F6252FF5E800075226 /* Info.plist */ = {isa = PBXFileReference; lastKnownFileType = text.plist.xml; path = Info.plist; sourceTree = "<group>"; };
/* End PBXFileReference section */

/* Begin PBXFrameworksBuildPhase section */
		8C4864CC252FF5E600075226 /* Frameworks */ = {
			isa = PBXFrameworksBuildPhase;
			buildActionMask = 2147483647;
			files = (
			);
			runOnlyForDeploymentPostprocessing = 0;
		};
		8C4864E2252FF5E700075226 /* Frameworks */ = {
			isa = PBXFrameworksBuildPhase;
			buildActionMask = 2147483647;
			files = (
			);
			runOnlyForDeploymentPostprocessing = 0;
		};
		8C4864ED252FF5E800075226 /* Frameworks */ = {
			isa = PBXFrameworksBuildPhase;
			buildActionMask = 2147483647;
			files = (
			);
			runOnlyForDeploymentPostprocessing = 0;
		};
/* End PBXFrameworksBuildPhase section */

/* Begin PBXGroup section */
		8C4864C6252FF5E600075226 = {
			isa = PBXGroup;
			children = (
				8C4864D1252FF5E600075226 /* ControlFun */,
				8C4864E8252FF5E700075226 /* ControlFunTests */,
				8C4864F3252FF5E800075226 /* ControlFunUITests */,
				8C4864D0252FF5E600075226 /* Products */,
			);
			sourceTree = "<group>";
		};
		8C4864D0252FF5E600075226 /* Products */ = {
			isa = PBXGroup;
			children = (
				8C4864CF252FF5E600075226 /* ControlFun.app */,
				8C4864E5252FF5E700075226 /* ControlFunTests.xctest */,
				8C4864F0252FF5E800075226 /* ControlFunUITests.xctest */,
			);
			name = Products;
			sourceTree = "<group>";
		};
		8C4864D1252FF5E600075226 /* ControlFun */ = {
			isa = PBXGroup;
			children = (
				8C4864D2252FF5E600075226 /* AppDelegate.swift */,
				8C4864D4252FF5E600075226 /* SceneDelegate.swift */,
				8C4864D6252FF5E600075226 /* ViewController.swift */,
				8C4864D8252FF5E600075226 /* Main.storyboard */,
				8C4864DB252FF5E700075226 /* Assets.xcassets */,
				8C4864DD252FF5E700075226 /* LaunchScreen.storyboard */,
				8C4864E0252FF5E700075226 /* Info.plist */,
			);
			path = ControlFun;
			sourceTree = "<group>";
		};
		8C4864E8252FF5E700075226 /* ControlFunTests */ = {
			isa = PBXGroup;
			children = (
				8C4864E9252FF5E700075226 /* ControlFunTests.swift */,
				8C4864EB252FF5E700075226 /* Info.plist */,
			);
			path = ControlFunTests;
			sourceTree = "<group>";
		};
		8C4864F3252FF5E800075226 /* ControlFunUITests */ = {
			isa = PBXGroup;
			children = (
				8C4864F4252FF5E800075226 /* ControlFunUITests.swift */,
				8C4864F6252FF5E800075226 /* Info.plist */,
			);
			path = ControlFunUITests;
			sourceTree = "<group>";
		};
/* End PBXGroup section */

/* Begin PBXNativeTarget section */
		8C4864CE252FF5E600075226 /* ControlFun */ = {
			isa = PBXNativeTarget;
			buildConfigurationList = 8C4864F9252FF5E800075226 /* Build configuration list for PBXNativeTarget "ControlFun" */;
			buildPhases = (
				8C4864CB252FF5E600075226 /* Sources */,
				8C4864CC252FF5E600075226 /* Frameworks */,
				8C4864CD252FF5E600075226 /* Resources */,
			);
			buildRules = (
			);
			dependencies = (
			);
			name = ControlFun;
			productName = ControlFun;
			productReference = 8C4864CF252FF5E600075226 /* ControlFun.app */;
			productType = "com.apple.product-type.application";
		};
		8C4864E4252FF5E700075226 /* ControlFunTests */ = {
			isa = PBXNativeTarget;
			buildConfigurationList = 8C4864FC252FF5E800075226 /* Build configuration list for PBXNativeTarget "ControlFunTests" */;
			buildPhases = (
				8C4864E1252FF5E700075226 /* Sources */,
				8C4864E2252FF5E700075226 /* Frameworks */,
				8C4864E3252FF5E700075226 /* Resources */,
			);
			buildRules = (
			);
			dependencies = (
				8C4864E7252FF5E700075226 /* PBXTargetDependency */,
			);
			name = ControlFunTests;
			productName = ControlFunTests;
			productReference = 8C4864E5252FF5E700075226 /* ControlFunTests.xctest */;
			productType = "com.apple.product-type.bundle.unit-test";
		};
		8C4864EF252FF5E800075226 /* ControlFunUITests */ = {
			isa = PBXNativeTarget;
			buildConfigurationList = 8C4864FF252FF5E800075226 /* Build configuration list for PBXNativeTarget "ControlFunUITests" */;
			buildPhases = (
				8C4864EC252FF5E800075226 /* Sources */,
				8C4864ED252FF5E800075226 /* Frameworks */,
				8C4864EE252FF5E800075226 /* Resources */,
			);
			buildRules = (
			);
			dependencies = (
				8C4864F2252FF5E800075226 /* PBXTargetDependency */,
			);
			name = ControlFunUITests;
			productName = ControlFunUITests;
			productReference = 8C4864F0252FF5E800075226 /* ControlFunUITests.xctest */;
			productType = "com.apple.product-type.bundle.ui-testing";
		};
/* End PBXNativeTarget section */

/* Begin PBXProject section */
		8C4864C7252FF5E600075226 /* Project object */ = {
			isa = PBXProject;
			attributes = {
				LastSwiftUpdateCheck = 1170;
				LastUpgradeCheck = 1170;
				ORGANIZATIONNAME = Me;
				TargetAttributes = {
					8C4864CE252FF5E600075226 = {
						CreatedOnToolsVersion = 11.7;
					};
					8C4864E4252FF5E700075226 = {
						CreatedOnToolsVersion = 11.7;
						TestTargetID = 8C4864CE252FF5E600075226;
					};
					8C4864EF252FF5E800075226 = {
						CreatedOnToolsVersion = 11.7;
						TestTargetID = 8C4864CE252FF5E600075226;
					};
				};
			};
			buildConfigurationList = 8C4864CA252FF5E600075226 /* Build configuration list for PBXProject "ControlFun" */;
			compatibilityVersion = "Xcode 9.3";
			developmentRegion = en;
			hasScannedForEncodings = 0;
			knownRegions = (
				en,
				Base,
			);
			mainGroup = 8C4864C6252FF5E600075226;
			productRefGroup = 8C4864D0252FF5E600075226 /* Products */;
			projectDirPath = "";
			projectRoot = "";
			targets = (
				8C4864CE252FF5E600075226 /* ControlFun */,
				8C4864E4252FF5E700075226 /* ControlFunTests */,
				8C4864EF252FF5E800075226 /* ControlFunUITests */,
			);
		};
/* End PBXProject section */

/* Begin PBXResourcesBuildPhase section */
		8C4864CD252FF5E600075226 /* Resources */ = {
			isa = PBXResourcesBuildPhase;
			buildActionMask = 2147483647;
			files = (
				8C4864DF252FF5E700075226 /* LaunchScreen.storyboard in Resources */,
				8C4864DC252FF5E700075226 /* Assets.xcassets in Resources */,
				8C4864DA252FF5E600075226 /* Main.storyboard in Resources */,
			);
			runOnlyForDeploymentPostprocessing = 0;
		};
		8C4864E3252FF5E700075226 /* Resources */ = {
			isa = PBXResourcesBuildPhase;
			buildActionMask = 2147483647;
			files = (
			);
			runOnlyForDeploymentPostprocessing = 0;
		};
		8C4864EE252FF5E800075226 /* Resources */ = {
			isa = PBXResourcesBuildPhase;
			buildActionMask = 2147483647;
			files = (
			);
			runOnlyForDeploymentPostprocessing = 0;
		};
/* End PBXResourcesBuildPhase section */

/* Begin PBXSourcesBuildPhase section */
		8C4864CB252FF5E600075226 /* Sources */ = {
			isa = PBXSourcesBuildPhase;
			buildActionMask = 2147483647;
			files = (
				8C4864D7252FF5E600075226 /* ViewController.swift in Sources */,
				8C4864D3252FF5E600075226 /* AppDelegate.swift in Sources */,
				8C4864D5252FF5E600075226 /* SceneDelegate.swift in Sources */,
			);
			runOnlyForDeploymentPostprocessing = 0;
		};
		8C4864E1252FF5E700075226 /* Sources */ = {
			isa = PBXSourcesBuildPhase;
			buildActionMask = 2147483647;
			files = (
				8C4864EA252FF5E700075226 /* ControlFunTests.swift in Sources */,
			);
			runOnlyForDeploymentPostprocessing = 0;
		};
		8C4864EC252FF5E800075226 /* Sources */ = {
			isa = PBXSourcesBuildPhase;
			buildActionMask = 2147483647;
			files = (
				8C4864F5252FF5E800075226 /* ControlFunUITests.swift in Sources */,
			);
			runOnlyForDeploymentPostprocessing = 0;
		};
/* End PBXSourcesBuildPhase section */

/* Begin PBXTargetDependency section */
		8C4864E7252FF5E700075226 /* PBXTargetDependency */ = {
			isa = PBXTargetDependency;
			target = 8C4864CE252FF5E600075226 /* ControlFun */;
			targetProxy = 8C4864E6252FF5E700075226 /* PBXContainerItemProxy */;
		};
		8C4864F2252FF5E800075226 /* PBXTargetDependency */ = {
			isa = PBXTargetDependency;
			target = 8C4864CE252FF5E600075226 /* ControlFun */;
			targetProxy = 8C4864F1252FF5E800075226 /* PBXContainerItemProxy */;
		};
/* End PBXTargetDependency section */

/* Begin PBXVariantGroup section */
		8C4864D8252FF5E600075226 /* Main.storyboard */ = {
			isa = PBXVariantGroup;
			children = (
				8C4864D9252FF5E600075226 /* Base */,
			);
			name = Main.storyboard;
			sourceTree = "<group>";
		};
		8C4864DD252FF5E700075226 /* LaunchScreen.storyboard */ = {
			isa = PBXVariantGroup;
			children = (
				8C4864DE252FF5E700075226 /* Base */,
			);
			name = LaunchScreen.storyboard;
			sourceTree = "<group>";
		};
/* End PBXVariantGroup section */

/* Begin XCBuildConfiguration section */
		8C4864F7252FF5E800075226 /* Debug */ = {
			isa = XCBuildConfiguration;
			buildSettings = {
				ALWAYS_SEARCH_USER_PATHS = NO;
				CLANG_ANALYZER_NONNULL = YES;
				CLANG_ANALYZER_NUMBER_OBJECT_CONVERSION = YES_AGGRESSIVE;
				CLANG_CXX_LANGUAGE_STANDARD = "gnu++14";
				CLANG_CXX_LIBRARY = "libc++";
				CLANG_ENABLE_MODULES = YES;
				CLANG_ENABLE_OBJC_ARC = YES;
				CLANG_ENABLE_OBJC_WEAK = YES;
				CLANG_WARN_BLOCK_CAPTURE_AUTORELEASING = YES;
				CLANG_WARN_BOOL_CONVERSION = YES;
				CLANG_WARN_COMMA = YES;
				CLANG_WARN_CONSTANT_CONVERSION = YES;
				CLANG_WARN_DEPRECATED_OBJC_IMPLEMENTATIONS = YES;
				CLANG_WARN_DIRECT_OBJC_ISA_USAGE = YES_ERROR;
				CLANG_WARN_DOCUMENTATION_COMMENTS = YES;
				CLANG_WARN_EMPTY_BODY = YES;
				CLANG_WARN_ENUM_CONVERSION = YES;
				CLANG_WARN_INFINITE_RECURSION = YES;
				CLANG_WARN_INT_CONVERSION = YES;
				CLANG_WARN_NON_LITERAL_NULL_CONVERSION = YES;
				CLANG_WARN_OBJC_IMPLICIT_RETAIN_SELF = YES;
				CLANG_WARN_OBJC_LITERAL_CONVERSION = YES;
				CLANG_WARN_OBJC_ROOT_CLASS = YES_ERROR;
				CLANG_WARN_RANGE_LOOP_ANALYSIS = YES;
				CLANG_WARN_STRICT_PROTOTYPES = YES;
				CLANG_WARN_SUSPICIOUS_MOVE = YES;
				CLANG_WARN_UNGUARDED_AVAILABILITY = YES_AGGRESSIVE;
				CLANG_WARN_UNREACHABLE_CODE = YES;
				CLANG_WARN__DUPLICATE_METHOD_MATCH = YES;
				COPY_PHASE_STRIP = NO;
				DEBUG_INFORMATION_FORMAT = dwarf;
				ENABLE_STRICT_OBJC_MSGSEND = YES;
				ENABLE_TESTABILITY = YES;
				GCC_C_LANGUAGE_STANDARD = gnu11;
				GCC_DYNAMIC_NO_PIC = NO;
				GCC_NO_COMMON_BLOCKS = YES;
				GCC_OPTIMIZATION_LEVEL = 0;
				GCC_PREPROCESSOR_DEFINITIONS = (
					"DEBUG=1",
					"$(inherited)",
				);
				GCC_WARN_64_TO_32_BIT_CONVERSION = YES;
				GCC_WARN_ABOUT_RETURN_TYPE = YES_ERROR;
				GCC_WARN_UNDECLARED_SELECTOR = YES;
				GCC_WARN_UNINITIALIZED_AUTOS = YES_AGGRESSIVE;
				GCC_WARN_UNUSED_FUNCTION = YES;
				GCC_WARN_UNUSED_VARIABLE = YES;
				IPHONEOS_DEPLOYMENT_TARGET = 13.7;
				MTL_ENABLE_DEBUG_INFO = INCLUDE_SOURCE;
				MTL_FAST_MATH = YES;
				ONLY_ACTIVE_ARCH = YES;
				SDKROOT = iphoneos;
				SWIFT_ACTIVE_COMPILATION_CONDITIONS = DEBUG;
				SWIFT_OPTIMIZATION_LEVEL = "-Onone";
			};
			name = Debug;
		};
		8C4864F8252FF5E800075226 /* Release */ = {
			isa = XCBuildConfiguration;
			buildSettings = {
				ALWAYS_SEARCH_USER_PATHS = NO;
				CLANG_ANALYZER_NONNULL = YES;
				CLANG_ANALYZER_NUMBER_OBJECT_CONVERSION = YES_AGGRESSIVE;
				CLANG_CXX_LANGUAGE_STANDARD = "gnu++14";
				CLANG_CXX_LIBRARY = "libc++";
				CLANG_ENABLE_MODULES = YES;
				CLANG_ENABLE_OBJC_ARC = YES;
				CLANG_ENABLE_OBJC_WEAK = YES;
				CLANG_WARN_BLOCK_CAPTURE_AUTORELEASING = YES;
				CLANG_WARN_BOOL_CONVERSION = YES;
				CLANG_WARN_COMMA = YES;
				CLANG_WARN_CONSTANT_CONVERSION = YES;
				CLANG_WARN_DEPRECATED_OBJC_IMPLEMENTATIONS = YES;
				CLANG_WARN_DIRECT_OBJC_ISA_USAGE = YES_ERROR;
				CLANG_WARN_DOCUMENTATION_COMMENTS = YES;
				CLANG_WARN_EMPTY_BODY = YES;
				CLANG_WARN_ENUM_CONVERSION = YES;
				CLANG_WARN_INFINITE_RECURSION = YES;
				CLANG_WARN_INT_CONVERSION = YES;
				CLANG_WARN_NON_LITERAL_NULL_CONVERSION = YES;
				CLANG_WARN_OBJC_IMPLICIT_RETAIN_SELF = YES;
				CLANG_WARN_OBJC_LITERAL_CONVERSION = YES;
				CLANG_WARN_OBJC_ROOT_CLASS = YES_ERROR;
				CLANG_WARN_RANGE_LOOP_ANALYSIS = YES;
				CLANG_WARN_STRICT_PROTOTYPES = YES;
				CLANG_WARN_SUSPICIOUS_MOVE = YES;
				CLANG_WARN_UNGUARDED_AVAILABILITY = YES_AGGRESSIVE;
				CLANG_WARN_UNREACHABLE_CODE = YES;
				CLANG_WARN__DUPLICATE_METHOD_MATCH = YES;
				COPY_PHASE_STRIP = NO;
				DEBUG_INFORMATION_FORMAT = "dwarf-with-dsym";
				ENABLE_NS_ASSERTIONS = NO;
				ENABLE_STRICT_OBJC_MSGSEND = YES;
				GCC_C_LANGUAGE_STANDARD = gnu11;
				GCC_NO_COMMON_BLOCKS = YES;
				GCC_WARN_64_TO_32_BIT_CONVERSION = YES;
				GCC_WARN_ABOUT_RETURN_TYPE = YES_ERROR;
				GCC_WARN_UNDECLARED_SELECTOR = YES;
				GCC_WARN_UNINITIALIZED_AUTOS = YES_AGGRESSIVE;
				GCC_WARN_UNUSED_FUNCTION = YES;
				GCC_WARN_UNUSED_VARIABLE = YES;
				IPHONEOS_DEPLOYMENT_TARGET = 13.7;
				MTL_ENABLE_DEBUG_INFO = NO;
				MTL_FAST_MATH = YES;
				SDKROOT = iphoneos;
				SWIFT_COMPILATION_MODE = wholemodule;
				SWIFT_OPTIMIZATION_LEVEL = "-O";
				VALIDATE_PRODUCT = YES;
			};
			name = Release;
		};
		8C4864FA252FF5E800075226 /* Debug */ = {
			isa = XCBuildConfiguration;
			buildSettings = {
				ASSETCATALOG_COMPILER_APPICON_NAME = AppIcon;
				CODE_SIGN_STYLE = Automatic;
				INFOPLIST_FILE = ControlFun/Info.plist;
				IPHONEOS_DEPLOYMENT_TARGET = 13.7;
				LD_RUNPATH_SEARCH_PATHS = (
					"$(inherited)",
					"@executable_path/Frameworks",
				);
				PRODUCT_BUNDLE_IDENTIFIER = ca.stokely.ControlFun;
				PRODUCT_NAME = "$(TARGET_NAME)";
				SWIFT_VERSION = 5.0;
				TARGETED_DEVICE_FAMILY = "1,2";
			};
			name = Debug;
		};
		8C4864FB252FF5E800075226 /* Release */ = {
			isa = XCBuildConfiguration;
			buildSettings = {
				ASSETCATALOG_COMPILER_APPICON_NAME = AppIcon;
				CODE_SIGN_STYLE = Automatic;
				INFOPLIST_FILE = ControlFun/Info.plist;
				IPHONEOS_DEPLOYMENT_TARGET = 13.7;
				LD_RUNPATH_SEARCH_PATHS = (
					"$(inherited)",
					"@executable_path/Frameworks",
				);
				PRODUCT_BUNDLE_IDENTIFIER = ca.stokely.ControlFun;
				PRODUCT_NAME = "$(TARGET_NAME)";
				SWIFT_VERSION = 5.0;
				TARGETED_DEVICE_FAMILY = "1,2";
			};
			name = Release;
		};
		8C4864FD252FF5E800075226 /* Debug */ = {
			isa = XCBuildConfiguration;
			buildSettings = {
				ALWAYS_EMBED_SWIFT_STANDARD_LIBRARIES = YES;
				BUNDLE_LOADER = "$(TEST_HOST)";
				CODE_SIGN_STYLE = Automatic;
				INFOPLIST_FILE = ControlFunTests/Info.plist;
				IPHONEOS_DEPLOYMENT_TARGET = 13.7;
				LD_RUNPATH_SEARCH_PATHS = (
					"$(inherited)",
					"@executable_path/Frameworks",
					"@loader_path/Frameworks",
				);
				PRODUCT_BUNDLE_IDENTIFIER = ca.stokely.ControlFunTests;
				PRODUCT_NAME = "$(TARGET_NAME)";
				SWIFT_VERSION = 5.0;
				TARGETED_DEVICE_FAMILY = "1,2";
				TEST_HOST = "$(BUILT_PRODUCTS_DIR)/ControlFun.app/ControlFun";
			};
			name = Debug;
		};
		8C4864FE252FF5E800075226 /* Release */ = {
			isa = XCBuildConfiguration;
			buildSettings = {
				ALWAYS_EMBED_SWIFT_STANDARD_LIBRARIES = YES;
				BUNDLE_LOADER = "$(TEST_HOST)";
				CODE_SIGN_STYLE = Automatic;
				INFOPLIST_FILE = ControlFunTests/Info.plist;
				IPHONEOS_DEPLOYMENT_TARGET = 13.7;
				LD_RUNPATH_SEARCH_PATHS = (
					"$(inherited)",
					"@executable_path/Frameworks",
					"@loader_path/Frameworks",
				);
				PRODUCT_BUNDLE_IDENTIFIER = ca.stokely.ControlFunTests;
				PRODUCT_NAME = "$(TARGET_NAME)";
				SWIFT_VERSION = 5.0;
				TARGETED_DEVICE_FAMILY = "1,2";
				TEST_HOST = "$(BUILT_PRODUCTS_DIR)/ControlFun.app/ControlFun";
			};
			name = Release;
		};
		8C486500252FF5E800075226 /* Debug */ = {
			isa = XCBuildConfiguration;
			buildSettings = {
				ALWAYS_EMBED_SWIFT_STANDARD_LIBRARIES = YES;
				CODE_SIGN_STYLE = Automatic;
				INFOPLIST_FILE = ControlFunUITests/Info.plist;
				LD_RUNPATH_SEARCH_PATHS = (
					"$(inherited)",
					"@executable_path/Frameworks",
					"@loader_path/Frameworks",
				);
				PRODUCT_BUNDLE_IDENTIFIER = ca.stokely.ControlFunUITests;
				PRODUCT_NAME = "$(TARGET_NAME)";
				SWIFT_VERSION = 5.0;
				TARGETED_DEVICE_FAMILY = "1,2";
				TEST_TARGET_NAME = ControlFun;
			};
			name = Debug;
		};
		8C486501252FF5E800075226 /* Release */ = {
			isa = XCBuildConfiguration;
			buildSettings = {
				ALWAYS_EMBED_SWIFT_STANDARD_LIBRARIES = YES;
				CODE_SIGN_STYLE = Automatic;
				INFOPLIST_FILE = ControlFunUITests/Info.plist;
				LD_RUNPATH_SEARCH_PATHS = (
					"$(inherited)",
					"@executable_path/Frameworks",
					"@loader_path/Frameworks",
				);
				PRODUCT_BUNDLE_IDENTIFIER = ca.stokely.ControlFunUITests;
				PRODUCT_NAME = "$(TARGET_NAME)";
				SWIFT_VERSION = 5.0;
				TARGETED_DEVICE_FAMILY = "1,2";
				TEST_TARGET_NAME = ControlFun;
			};
			name = Release;
		};
/* End XCBuildConfiguration section */

/* Begin XCConfigurationList section */
		8C4864CA252FF5E600075226 /* Build configuration list for PBXProject "ControlFun" */ = {
			isa = XCConfigurationList;
			buildConfigurations = (
				8C4864F7252FF5E800075226 /* Debug */,
				8C4864F8252FF5E800075226 /* Release */,
			);
			defaultConfigurationIsVisible = 0;
			defaultConfigurationName = Release;
		};
		8C4864F9252FF5E800075226 /* Build configuration list for PBXNativeTarget "ControlFun" */ = {
			isa = XCConfigurationList;
			buildConfigurations = (
				8C4864FA252FF5E800075226 /* Debug */,
				8C4864FB252FF5E800075226 /* Release */,
			);
			defaultConfigurationIsVisible = 0;
			defaultConfigurationName = Release;
		};
		8C4864FC252FF5E800075226 /* Build configuration list for PBXNativeTarget "ControlFunTests" */ = {
			isa = XCConfigurationList;
			buildConfigurations = (
				8C4864FD252FF5E800075226 /* Debug */,
				8C4864FE252FF5E800075226 /* Release */,
			);
			defaultConfigurationIsVisible = 0;
			defaultConfigurationName = Release;
		};
		8C4864FF252FF5E800075226 /* Build configuration list for PBXNativeTarget "ControlFunUITests" */ = {
			isa = XCConfigurationList;
			buildConfigurations = (
				8C486500252FF5E800075226 /* Debug */,
				8C486501252FF5E800075226 /* Release */,
			);
			defaultConfigurationIsVisible = 0;
			defaultConfigurationName = Release;
		};
/* End XCConfigurationList section */
	};
	rootObject = 8C4864C7252FF5E600075226 /* Project object */;
}
